<?xml version="1.0" encoding="utf-8"?>
<Project ToolsVersion="4.0" xmlns="http://schemas.microsoft.com/developer/msbuild/2003">
  <ItemGroup>
    <Filter Include="Source Files">
      <UniqueIdentifier>{4FC737F1-C7A5-4376-A066-2A32D752A2FF}</UniqueIdentifier>
      <Extensions>cpp;c;cc;cxx;def;odl;idl;hpj;bat;asm;asmx</Extensions>
    </Filter>
    <Filter Include="Header Files">
      <UniqueIdentifier>{93995380-89BD-4b04-88EB-625FBE52EBFB}</UniqueIdentifier>
      <Extensions>h;hpp;hxx;hm;inl;inc;xsd</Extensions>
    </Filter>
    <Filter Include="Resource Files">
      <UniqueIdentifier>{67DA6AB6-F800-4c08-8B7A-83BB121AAD01}</UniqueIdentifier>
      <Extensions>rc;ico;cur;bmp;dlg;rc2;rct;bin;rgs;gif;jpg;jpeg;jpe;resx;tiff;tif;png;wav;mfcribbon-ms</Extensions>
    </Filter>
    <Filter Include="Shaders">
      <UniqueIdentifier>{5a263781-0d76-4d6f-9d35-62e349f727cf}</UniqueIdentifier>
    </Filter>
  </ItemGroup>
  <ItemGroup>
    <ClCompile Include="DeferredEffect.cpp">
      <Filter>Source Files</Filter>
    </ClCompile>
    <ClCompile Include="IRenderer.cpp">
      <Filter>Source Files</Filter>
    </ClCompile>
    <ClCompile Include="main.cpp">
      <Filter>Source Files</Filter>
    </ClCompile>
  </ItemGroup>
  <ItemGroup>
    <ClInclude Include="DeferredEffect.h">
      <Filter>Header Files</Filter>
    </ClInclude>
    <ClInclude Include="IRenderer.h">
      <Filter>Header Files</Filter>
    </ClInclude>
  </ItemGroup>
  <ItemGroup>
    <Xml Include="effect.xml" />
    <Xml Include="scene.xml" />
    <Xml Include="resource.xml" />
    <Xml Include="option.xml" />
  </ItemGroup>
  <ItemGroup>
    <None Include="shaders\deferredF.glsl">
      <Filter>Shaders</Filter>
    </None>
    <None Include="shaders\deferredV.glsl">
      <Filter>Shaders</Filter>
    </None>
    <None Include="shaders\geomF.glsl">
      <Filter>Shaders</Filter>
    </None>
    <None Include="shaders\geomV.glsl">
      <Filter>Shaders</Filter>
    </None>
    <None Include="shaders\copyTexF.glsl">
      <Filter>Shaders</Filter>
    </None>
    <None Include="shaders\copyTexV.glsl">
      <Filter>Shaders</Filter>
    </None>
  </ItemGroup>
</Project>